dependencies:
  espressif/esp_websocket_client:
    component_hash: dc00233af846f3a744ada283a300e0d586040aadc3ee67361645ecdce4523672
    source:
      service_url: https://api.components.espressif.com/
      type: service
    version: 1.8.0
  espressif/mdns:
    component_hash: e81ca7a7f53ea34e78274df054da692c272e1315572876b237b1748e267c013b
    source:
      service_url: https://api.components.espressif.com/
      type: service
    version: 1.11.3
  idf:
    component_hash: null
    source:
      type: idf
    version: 5.3.0
manifest_hash: 412288e6c816f1c645a4105792f8f018c06cc5c1b1aafac1b97eef5d095fcd36
target: esp32c3
version: 1.0.0
